
Microsoft Visual Studio Solution File, Format Version 12.00
# Visual Studio 15
VisualStudioVersion = 15.0.26124.0
MinimumVisualStudioVersion = 15.0.26124.0
Project("{FAE04EC0-301F-11D3-BF4B-00C04F79EFBC}") = "HCSS.WebApi", "HCSS.WebApi\HCSS.WebApi.csproj", "{0333EDE5-4135-4497-8E16-65A9712180E4}"
EndProject
Project("{FAE04EC0-301F-11D3-BF4B-00C04F79EFBC}") = "HCSS.Model", "HCSS.Model\HCSS.Model.csproj", "{5468FFB9-EA7C-4238-A43A-8F0641FC613D}"
EndProject
Project("{FAE04EC0-301F-11D3-BF4B-00C04F79EFBC}") = "HCSS.Service", "HCSS.Service\HCSS.Service.csproj", "{4AB75514-00A5-4950-9E55-5F34164E2C5D}"
EndProject
Global
	GlobalSection(SolutionConfigurationPlatforms) = preSolution
		Debug|Any CPU = Debug|Any CPU
		Debug|x64 = Debug|x64
		Debug|x86 = Debug|x86
		Release|Any CPU = Release|Any CPU
		Release|x64 = Release|x64
		Release|x86 = Release|x86
	EndGlobalSection
	GlobalSection(SolutionProperties) = preSolution
		HideSolutionNode = FALSE
	EndGlobalSection
	GlobalSection(ProjectConfigurationPlatforms) = postSolution
		{0333EDE5-4135-4497-8E16-65A9712180E4}.Debug|Any CPU.ActiveCfg = Debug|Any CPU
		{0333EDE5-4135-4497-8E16-65A9712180E4}.Debug|Any CPU.Build.0 = Debug|Any CPU
		{0333EDE5-4135-4497-8E16-65A9712180E4}.Debug|x64.ActiveCfg = Debug|x64
		{0333EDE5-4135-4497-8E16-65A9712180E4}.Debug|x64.Build.0 = Debug|x64
		{0333EDE5-4135-4497-8E16-65A9712180E4}.Debug|x86.ActiveCfg = Debug|x86
		{0333EDE5-4135-4497-8E16-65A9712180E4}.Debug|x86.Build.0 = Debug|x86
		{0333EDE5-4135-4497-8E16-65A9712180E4}.Release|Any CPU.ActiveCfg = Release|Any CPU
		{0333EDE5-4135-4497-8E16-65A9712180E4}.Release|Any CPU.Build.0 = Release|Any CPU
		{0333EDE5-4135-4497-8E16-65A9712180E4}.Release|x64.ActiveCfg = Release|x64
		{0333EDE5-4135-4497-8E16-65A9712180E4}.Release|x64.Build.0 = Release|x64
		{0333EDE5-4135-4497-8E16-65A9712180E4}.Release|x86.ActiveCfg = Release|x86
		{0333EDE5-4135-4497-8E16-65A9712180E4}.Release|x86.Build.0 = Release|x86
		{5468FFB9-EA7C-4238-A43A-8F0641FC613D}.Debug|Any CPU.ActiveCfg = Debug|Any CPU
		{5468FFB9-EA7C-4238-A43A-8F0641FC613D}.Debug|Any CPU.Build.0 = Debug|Any CPU
		{5468FFB9-EA7C-4238-A43A-8F0641FC613D}.Debug|x64.ActiveCfg = Debug|x64
		{5468FFB9-EA7C-4238-A43A-8F0641FC613D}.Debug|x64.Build.0 = Debug|x64
		{5468FFB9-EA7C-4238-A43A-8F0641FC613D}.Debug|x86.ActiveCfg = Debug|x86
		{5468FFB9-EA7C-4238-A43A-8F0641FC613D}.Debug|x86.Build.0 = Debug|x86
		{5468FFB9-EA7C-4238-A43A-8F0641FC613D}.Release|Any CPU.ActiveCfg = Release|Any CPU
		{5468FFB9-EA7C-4238-A43A-8F0641FC613D}.Release|Any CPU.Build.0 = Release|Any CPU
		{5468FFB9-EA7C-4238-A43A-8F0641FC613D}.Release|x64.ActiveCfg = Release|x64
		{5468FFB9-EA7C-4238-A43A-8F0641FC613D}.Release|x64.Build.0 = Release|x64
		{5468FFB9-EA7C-4238-A43A-8F0641FC613D}.Release|x86.ActiveCfg = Release|x86
		{5468FFB9-EA7C-4238-A43A-8F0641FC613D}.Release|x86.Build.0 = Release|x86
		{4AB75514-00A5-4950-9E55-5F34164E2C5D}.Debug|Any CPU.ActiveCfg = Debug|Any CPU
		{4AB75514-00A5-4950-9E55-5F34164E2C5D}.Debug|Any CPU.Build.0 = Debug|Any CPU
		{4AB75514-00A5-4950-9E55-5F34164E2C5D}.Debug|x64.ActiveCfg = Debug|x64
		{4AB75514-00A5-4950-9E55-5F34164E2C5D}.Debug|x64.Build.0 = Debug|x64
		{4AB75514-00A5-4950-9E55-5F34164E2C5D}.Debug|x86.ActiveCfg = Debug|x86
		{4AB75514-00A5-4950-9E55-5F34164E2C5D}.Debug|x86.Build.0 = Debug|x86
		{4AB75514-00A5-4950-9E55-5F34164E2C5D}.Release|Any CPU.ActiveCfg = Release|Any CPU
		{4AB75514-00A5-4950-9E55-5F34164E2C5D}.Release|Any CPU.Build.0 = Release|Any CPU
		{4AB75514-00A5-4950-9E55-5F34164E2C5D}.Release|x64.ActiveCfg = Release|x64
		{4AB75514-00A5-4950-9E55-5F34164E2C5D}.Release|x64.Build.0 = Release|x64
		{4AB75514-00A5-4950-9E55-5F34164E2C5D}.Release|x86.ActiveCfg = Release|x86
		{4AB75514-00A5-4950-9E55-5F34164E2C5D}.Release|x86.Build.0 = Release|x86
	EndGlobalSection
EndGlobal
